
Microsoft Visual Studio Solution File, Format Version 12.00
# Visual Studio Version 17
VisualStudioVersion = 17.4.33122.133
MinimumVisualStudioVersion = 10.0.40219.1
Project("{FAE04EC0-301F-11D3-BF4B-00C04F79EFBC}") = "CashRegisterAssignment", "CashRegisterAssignment.csproj", "{C4CFFD21-BD42-487C-B7D7-73B3B906F83B}"
EndProject
Project("{FAE04EC0-301F-11D3-BF4B-00C04F79EFBC}") = "CashRegisterAssignmentTests", "..\CashRegisterAssignmentTests\CashRegisterAssignmentTests.csproj", "{EB275A78-E17E-4FFB-8EDB-E05E7A38FEF7}"
EndProject
Global
	GlobalSection(SolutionConfigurationPlatforms) = preSolution
		Debug|Any CPU = Debug|Any CPU
		Release|Any CPU = Release|Any CPU
	EndGlobalSection
	GlobalSection(ProjectConfigurationPlatforms) = postSolution
		{C4CFFD21-BD42-487C-B7D7-73B3B906F83B}.Debug|Any CPU.ActiveCfg = Debug|Any CPU
		{C4CFFD21-BD42-487C-B7D7-73B3B906F83B}.Debug|Any CPU.Build.0 = Debug|Any CPU
		{C4CFFD21-BD42-487C-B7D7-73B3B906F83B}.Release|Any CPU.ActiveCfg = Release|Any CPU
		{C4CFFD21-BD42-487C-B7D7-73B3B906F83B}.Release|Any CPU.Build.0 = Release|Any CPU
		{EB275A78-E17E-4FFB-8EDB-E05E7A38FEF7}.Debug|Any CPU.ActiveCfg = Debug|Any CPU
		{EB275A78-E17E-4FFB-8EDB-E05E7A38FEF7}.Debug|Any CPU.Build.0 = Debug|Any CPU
		{EB275A78-E17E-4FFB-8EDB-E05E7A38FEF7}.Release|Any CPU.ActiveCfg = Release|Any CPU
		{EB275A78-E17E-4FFB-8EDB-E05E7A38FEF7}.Release|Any CPU.Build.0 = Release|Any CPU
	EndGlobalSection
	GlobalSection(SolutionProperties) = preSolution
		HideSolutionNode = FALSE
	EndGlobalSection
	GlobalSection(ExtensibilityGlobals) = postSolution
		SolutionGuid = {7514F6CC-1308-4A58-BF0A-014418A13D3D}
	EndGlobalSection
EndGlobal
